
Microsoft Visual Studio Solution File, Format Version 12.00
# Visual Studio 2012
Project("{8BC9CEB8-8B4A-11D0-8D11-00A0C91BC942}") = "DSM", "DSM\DSM.vcxproj", "{204D693C-6A10-4E34-B43B-355A0E159C83}"
EndProject
Project("{8BC9CEB8-8B4A-11D0-8D11-00A0C91BC942}") = "ConsoleApplication1", "ConsoleApplication1\ConsoleApplication1.vcxproj", "{2C1F7D27-85D0-4B8B-95BC-8DC6B1BAECB2}"
EndProject
Global
	GlobalSection(SolutionConfigurationPlatforms) = preSolution
		Debug|Win32 = Debug|Win32
		Release|Win32 = Release|Win32
	EndGlobalSection
	GlobalSection(ProjectConfigurationPlatforms) = postSolution
		{204D693C-6A10-4E34-B43B-355A0E159C83}.Debug|Win32.ActiveCfg = Debug|Win32
		{204D693C-6A10-4E34-B43B-355A0E159C83}.Debug|Win32.Build.0 = Debug|Win32
		{204D693C-6A10-4E34-B43B-355A0E159C83}.Release|Win32.ActiveCfg = Release|Win32
		{204D693C-6A10-4E34-B43B-355A0E159C83}.Release|Win32.Build.0 = Release|Win32
		{2C1F7D27-85D0-4B8B-95BC-8DC6B1BAECB2}.Debug|Win32.ActiveCfg = Debug|Win32
		{2C1F7D27-85D0-4B8B-95BC-8DC6B1BAECB2}.Debug|Win32.Build.0 = Debug|Win32
		{2C1F7D27-85D0-4B8B-95BC-8DC6B1BAECB2}.Release|Win32.ActiveCfg = Release|Win32
		{2C1F7D27-85D0-4B8B-95BC-8DC6B1BAECB2}.Release|Win32.Build.0 = Release|Win32
	EndGlobalSection
	GlobalSection(SolutionProperties) = preSolution
		HideSolutionNode = FALSE
	EndGlobalSection
EndGlobal
